{
    "_readme": [
        "This file locks the dependencies of your project to a known state",
        "Read more about it at https://getcomposer.org/doc/01-basic-usage.md#composer-lock-the-lock-file",
        "This file is @generated automatically"
    ],
    "hash": "971a6968d21143f8e8df06023b68ee5e",
    "content-hash": "4a08647bc434f8ecbda783c706693d44",
    "packages": [
        {
            "name": "zordius/lightncandy",
            "version": "dev-master",
            "source": {
                "type": "git",
                "url": "https://github.com/zordius/lightncandy.git",
                "reference": "db91ad58ff11312217b5164a8c75a676166c746f"
            },
            "dist": {
                "type": "zip",
                "url": "https://api.github.com/repos/zordius/lightncandy/zipball/db91ad58ff11312217b5164a8c75a676166c746f",
                "reference": "db91ad58ff11312217b5164a8c75a676166c746f",
                "shasum": ""
            },
            "require": {
                "php": ">=5.4.0"
            },
            "require-dev": {
                "phpunit/phpunit": "4.0.17"
            },
            "type": "library",
            "extra": {
                "branch-alias": {
                    "dev-master": "1.0.0-dev"
                }
            },
            "autoload": {
                "psr-4": {
                    "LightnCandy\\": "src"
                }
            },
            "notification-url": "https://packagist.org/downloads/",
            "license": [
                "MIT"
            ],
            "authors": [
                {
                    "name": "Zordius Chen",
                    "email": "zordius@yahoo-inc.com"
                }
            ],
            "description": "An extremely fast PHP implementation of handlebars ( http://handlebarsjs.com/ ) and mustache ( http://mustache.github.io/ ).",
            "homepage": "https://github.com/zordius/lightncandy",
            "keywords": [
                "handlebars",
                "logicless",
                "mustache",
                "php",
                "template"
            ],
            "time": "2016-11-14 10:20:20"
        }
    ],
    "packages-dev": [],
    "aliases": [],
    "minimum-stability": "dev",
    "stability-flags": {
        "zordius/lightncandy": 20
    },
    "prefer-stable": false,
    "prefer-lowest": false,
    "platform": {
        "php": ">=7"
    },
    "platform-dev": []
}
